// !$*UTF8*$!
{
	archiveVersion = 1;
	classes = {
	};
	objectVersion = 46;
	objects = {

/* Begin PBXBuildFile section */
		5B2527621BF522CF00E15303 /* LoginViewController.swift in Sources */ = {isa = PBXBuildFile; fileRef = 5B2527611BF522CF00E15303 /* LoginViewController.swift */; };
		5B2527641BF5235B00E15303 /* RegisterViewController.swift in Sources */ = {isa = PBXBuildFile; fileRef = 5B2527631BF5235B00E15303 /* RegisterViewController.swift */; };
		5B2527661BF523AC00E15303 /* AccessCodeViewController.swift in Sources */ = {isa = PBXBuildFile; fileRef = 5B2527651BF523AC00E15303 /* AccessCodeViewController.swift */; };
		5B3D7E971BF40AA5000B292D /* RootTableViewController.swift in Sources */ = {isa = PBXBuildFile; fileRef = 5B3D7E961BF40AA5000B292D /* RootTableViewController.swift */; };
		64AC9C1E1BF2AD480049B64B /* AppDelegate.swift in Sources */ = {isa = PBXBuildFile; fileRef = 64AC9C1D1BF2AD480049B64B /* AppDelegate.swift */; };
		64AC9C231BF2AD480049B64B /* Main.storyboard in Resources */ = {isa = PBXBuildFile; fileRef = 64AC9C211BF2AD480049B64B /* Main.storyboard */; };
		64AC9C261BF2AD480049B64B /* Critter_Sitter.xcdatamodeld in Sources */ = {isa = PBXBuildFile; fileRef = 64AC9C241BF2AD480049B64B /* Critter_Sitter.xcdatamodeld */; };
		64AC9C281BF2AD480049B64B /* Assets.xcassets in Resources */ = {isa = PBXBuildFile; fileRef = 64AC9C271BF2AD480049B64B /* Assets.xcassets */; };
		64AC9C2B1BF2AD480049B64B /* LaunchScreen.storyboard in Resources */ = {isa = PBXBuildFile; fileRef = 64AC9C291BF2AD480049B64B /* LaunchScreen.storyboard */; };
/* End PBXBuildFile section */

/* Begin PBXFileReference section */
		5B2527611BF522CF00E15303 /* LoginViewController.swift */ = {isa = PBXFileReference; fileEncoding = 4; lastKnownFileType = sourcecode.swift; path = LoginViewController.swift; sourceTree = "<group>"; };
		5B2527631BF5235B00E15303 /* RegisterViewController.swift */ = {isa = PBXFileReference; fileEncoding = 4; lastKnownFileType = sourcecode.swift; path = RegisterViewController.swift; sourceTree = "<group>"; };
		5B2527651BF523AC00E15303 /* AccessCodeViewController.swift */ = {isa = PBXFileReference; fileEncoding = 4; lastKnownFileType = sourcecode.swift; path = AccessCodeViewController.swift; sourceTree = "<group>"; };
		5B3D7E961BF40AA5000B292D /* RootTableViewController.swift */ = {isa = PBXFileReference; fileEncoding = 4; lastKnownFileType = sourcecode.swift; path = RootTableViewController.swift; sourceTree = "<group>"; };
		64AC9C1A1BF2AD480049B64B /* Critter Sitter.app */ = {isa = PBXFileReference; explicitFileType = wrapper.application; includeInIndex = 0; path = "Critter Sitter.app"; sourceTree = BUILT_PRODUCTS_DIR; };
		64AC9C1D1BF2AD480049B64B /* AppDelegate.swift */ = {isa = PBXFileReference; lastKnownFileType = sourcecode.swift; path = AppDelegate.swift; sourceTree = "<group>"; };
		64AC9C221BF2AD480049B64B /* Base */ = {isa = PBXFileReference; lastKnownFileType = file.storyboard; name = Base; path = Base.lproj/Main.storyboard; sourceTree = "<group>"; };
		64AC9C251BF2AD480049B64B /* Critter_Sitter.xcdatamodel */ = {isa = PBXFileReference; lastKnownFileType = wrapper.xcdatamodel; path = Critter_Sitter.xcdatamodel; sourceTree = "<group>"; };
		64AC9C271BF2AD480049B64B /* Assets.xcassets */ = {isa = PBXFileReference; lastKnownFileType = folder.assetcatalog; path = Assets.xcassets; sourceTree = "<group>"; };
		64AC9C2A1BF2AD480049B64B /* Base */ = {isa = PBXFileReference; lastKnownFileType = file.storyboard; name = Base; path = Base.lproj/LaunchScreen.storyboard; sourceTree = "<group>"; };
		64AC9C2C1BF2AD480049B64B /* Info.plist */ = {isa = PBXFileReference; lastKnownFileType = text.plist.xml; path = Info.plist; sourceTree = "<group>"; };
/* End PBXFileReference section */

/* Begin PBXFrameworksBuildPhase section */
		64AC9C171BF2AD480049B64B /* Frameworks */ = {
			isa = PBXFrameworksBuildPhase;
			buildActionMask = 2147483647;
			files = (
			);
			runOnlyForDeploymentPostprocessing = 0;
		};
/* End PBXFrameworksBuildPhase section */

/* Begin PBXGroup section */
		64AC9C111BF2AD480049B64B = {
			isa = PBXGroup;
			children = (
				64AC9C1C1BF2AD480049B64B /* Critter Sitter */,
				64AC9C1B1BF2AD480049B64B /* Products */,
			);
			sourceTree = "<group>";
		};
		64AC9C1B1BF2AD480049B64B /* Products */ = {
			isa = PBXGroup;
			children = (
				64AC9C1A1BF2AD480049B64B /* Critter Sitter.app */,
			);
			name = Products;
			sourceTree = "<group>";
		};
		64AC9C1C1BF2AD480049B64B /* Critter Sitter */ = {
			isa = PBXGroup;
			children = (
				64AC9C1D1BF2AD480049B64B /* AppDelegate.swift */,
				5B2527611BF522CF00E15303 /* LoginViewController.swift */,
				5B3D7E961BF40AA5000B292D /* RootTableViewController.swift */,
				5B2527651BF523AC00E15303 /* AccessCodeViewController.swift */,
				5B2527631BF5235B00E15303 /* RegisterViewController.swift */,
				64AC9C211BF2AD480049B64B /* Main.storyboard */,
				64AC9C271BF2AD480049B64B /* Assets.xcassets */,
				64AC9C291BF2AD480049B64B /* LaunchScreen.storyboard */,
				64AC9C2C1BF2AD480049B64B /* Info.plist */,
				64AC9C241BF2AD480049B64B /* Critter_Sitter.xcdatamodeld */,
			);
			path = "Critter Sitter";
			sourceTree = "<group>";
		};
/* End PBXGroup section */

/* Begin PBXNativeTarget section */
		64AC9C191BF2AD480049B64B /* Critter Sitter */ = {
			isa = PBXNativeTarget;
			buildConfigurationList = 64AC9C2F1BF2AD480049B64B /* Build configuration list for PBXNativeTarget "Critter Sitter" */;
			buildPhases = (
				64AC9C161BF2AD480049B64B /* Sources */,
				64AC9C171BF2AD480049B64B /* Frameworks */,
				64AC9C181BF2AD480049B64B /* Resources */,
			);
			buildRules = (
			);
			dependencies = (
			);
			name = "Critter Sitter";
			productName = "Critter Sitter";
			productReference = 64AC9C1A1BF2AD480049B64B /* Critter Sitter.app */;
			productType = "com.apple.product-type.application";
		};
/* End PBXNativeTarget section */

/* Begin PBXProject section */
		64AC9C121BF2AD480049B64B /* Project object */ = {
			isa = PBXProject;
			attributes = {
				LastSwiftUpdateCheck = 0710;
				LastUpgradeCheck = 0710;
				ORGANIZATIONNAME = "Pet Sitter App";
				TargetAttributes = {
					64AC9C191BF2AD480049B64B = {
						CreatedOnToolsVersion = 7.1.1;
					};
				};
			};
			buildConfigurationList = 64AC9C151BF2AD480049B64B /* Build configuration list for PBXProject "Critter Sitter" */;
			compatibilityVersion = "Xcode 3.2";
			developmentRegion = English;
			hasScannedForEncodings = 0;
			knownRegions = (
				en,
				Base,
			);
			mainGroup = 64AC9C111BF2AD480049B64B;
			productRefGroup = 64AC9C1B1BF2AD480049B64B /* Products */;
			projectDirPath = "";
			projectRoot = "";
			targets = (
				64AC9C191BF2AD480049B64B /* Critter Sitter */,
			);
		};
/* End PBXProject section */

/* Begin PBXResourcesBuildPhase section */
		64AC9C181BF2AD480049B64B /* Resources */ = {
			isa = PBXResourcesBuildPhase;
			buildActionMask = 2147483647;
			files = (
				64AC9C2B1BF2AD480049B64B /* LaunchScreen.storyboard in Resources */,
				64AC9C281BF2AD480049B64B /* Assets.xcassets in Resources */,
				64AC9C231BF2AD480049B64B /* Main.storyboard in Resources */,
			);
			runOnlyForDeploymentPostprocessing = 0;
		};
/* End PBXResourcesBuildPhase section */

/* Begin PBXSourcesBuildPhase section */
		64AC9C161BF2AD480049B64B /* Sources */ = {
			isa = PBXSourcesBuildPhase;
			buildActionMask = 2147483647;
			files = (
				64AC9C261BF2AD480049B64B /* Critter_Sitter.xcdatamodeld in Sources */,
				5B2527661BF523AC00E15303 /* AccessCodeViewController.swift in Sources */,
				5B2527641BF5235B00E15303 /* RegisterViewController.swift in Sources */,
				5B3D7E971BF40AA5000B292D /* RootTableViewController.swift in Sources */,
				64AC9C1E1BF2AD480049B64B /* AppDelegate.swift in Sources */,
				5B2527621BF522CF00E15303 /* LoginViewController.swift in Sources */,
			);
			runOnlyForDeploymentPostprocessing = 0;
		};
/* End PBXSourcesBuildPhase section */

/* Begin PBXVariantGroup section */
		64AC9C211BF2AD480049B64B /* Main.storyboard */ = {
			isa = PBXVariantGroup;
			children = (
				64AC9C221BF2AD480049B64B /* Base */,
			);
			name = Main.storyboard;
			sourceTree = "<group>";
		};
		64AC9C291BF2AD480049B64B /* LaunchScreen.storyboard */ = {
			isa = PBXVariantGroup;
			children = (
				64AC9C2A1BF2AD480049B64B /* Base */,
			);
			name = LaunchScreen.storyboard;
			sourceTree = "<group>";
		};
/* End PBXVariantGroup section */

/* Begin XCBuildConfiguration section */
		64AC9C2D1BF2AD480049B64B /* Debug */ = {
			isa = XCBuildConfiguration;
			buildSettings = {
				ALWAYS_SEARCH_USER_PATHS = NO;
				CLANG_CXX_LANGUAGE_STANDARD = "gnu++0x";
				CLANG_CXX_LIBRARY = "libc++";
				CLANG_ENABLE_MODULES = YES;
				CLANG_ENABLE_OBJC_ARC = YES;
				CLANG_WARN_BOOL_CONVERSION = YES;
				CLANG_WARN_CONSTANT_CONVERSION = YES;
				CLANG_WARN_DIRECT_OBJC_ISA_USAGE = YES_ERROR;
				CLANG_WARN_EMPTY_BODY = YES;
				CLANG_WARN_ENUM_CONVERSION = YES;
				CLANG_WARN_INT_CONVERSION = YES;
				CLANG_WARN_OBJC_ROOT_CLASS = YES_ERROR;
				CLANG_WARN_UNREACHABLE_CODE = YES;
				CLANG_WARN__DUPLICATE_METHOD_MATCH = YES;
				"CODE_SIGN_IDENTITY[sdk=iphoneos*]" = "iPhone Developer";
				COPY_PHASE_STRIP = NO;
				DEBUG_INFORMATION_FORMAT = dwarf;
				ENABLE_STRICT_OBJC_MSGSEND = YES;
				ENABLE_TESTABILITY = YES;
				GCC_C_LANGUAGE_STANDARD = gnu99;
				GCC_DYNAMIC_NO_PIC = NO;
				GCC_NO_COMMON_BLOCKS = YES;
				GCC_OPTIMIZATION_LEVEL = 0;
				GCC_PREPROCESSOR_DEFINITIONS = (
					"DEBUG=1",
					"$(inherited)",
				);
				GCC_WARN_64_TO_32_BIT_CONVERSION = YES;
				GCC_WARN_ABOUT_RETURN_TYPE = YES_ERROR;
				GCC_WARN_UNDECLARED_SELECTOR = YES;
				GCC_WARN_UNINITIALIZED_AUTOS = YES_AGGRESSIVE;
				GCC_WARN_UNUSED_FUNCTION = YES;
				GCC_WARN_UNUSED_VARIABLE = YES;
				IPHONEOS_DEPLOYMENT_TARGET = 9.1;
				MTL_ENABLE_DEBUG_INFO = YES;
				ONLY_ACTIVE_ARCH = YES;
				SDKROOT = iphoneos;
				SWIFT_OPTIMIZATION_LEVEL = "-Onone";
				TARGETED_DEVICE_FAMILY = "1,2";
			};
			name = Debug;
		};
		64AC9C2E1BF2AD480049B64B /* Release */ = {
			isa = XCBuildConfiguration;
			buildSettings = {
				ALWAYS_SEARCH_USER_PATHS = NO;
				CLANG_CXX_LANGUAGE_STANDARD = "gnu++0x";
				CLANG_CXX_LIBRARY = "libc++";
				CLANG_ENABLE_MODULES = YES;
				CLANG_ENABLE_OBJC_ARC = YES;
				CLANG_WARN_BOOL_CONVERSION = YES;
				CLANG_WARN_CONSTANT_CONVERSION = YES;
				CLANG_WARN_DIRECT_OBJC_ISA_USAGE = YES_ERROR;
				CLANG_WARN_EMPTY_BODY = YES;
				CLANG_WARN_ENUM_CONVERSION = YES;
				CLANG_WARN_INT_CONVERSION = YES;
				CLANG_WARN_OBJC_ROOT_CLASS = YES_ERROR;
				CLANG_WARN_UNREACHABLE_CODE = YES;
				CLANG_WARN__DUPLICATE_METHOD_MATCH = YES;
				"CODE_SIGN_IDENTITY[sdk=iphoneos*]" = "iPhone Developer";
				COPY_PHASE_STRIP = NO;
				DEBUG_INFORMATION_FORMAT = "dwarf-with-dsym";
				ENABLE_NS_ASSERTIONS = NO;
				ENABLE_STRICT_OBJC_MSGSEND = YES;
				GCC_C_LANGUAGE_STANDARD = gnu99;
				GCC_NO_COMMON_BLOCKS = YES;
				GCC_WARN_64_TO_32_BIT_CONVERSION = YES;
				GCC_WARN_ABOUT_RETURN_TYPE = YES_ERROR;
				GCC_WARN_UNDECLARED_SELECTOR = YES;
				GCC_WARN_UNINITIALIZED_AUTOS = YES_AGGRESSIVE;
				GCC_WARN_UNUSED_FUNCTION = YES;
				GCC_WARN_UNUSED_VARIABLE = YES;
				IPHONEOS_DEPLOYMENT_TARGET = 9.1;
				MTL_ENABLE_DEBUG_INFO = NO;
				SDKROOT = iphoneos;
				TARGETED_DEVICE_FAMILY = "1,2";
				VALIDATE_PRODUCT = YES;
			};
			name = Release;
		};
		64AC9C301BF2AD480049B64B /* Debug */ = {
			isa = XCBuildConfiguration;
			buildSettings = {
				ASSETCATALOG_COMPILER_APPICON_NAME = AppIcon;
				INFOPLIST_FILE = "Critter Sitter/Info.plist";
				LD_RUNPATH_SEARCH_PATHS = "$(inherited) @executable_path/Frameworks";
				PRODUCT_BUNDLE_IDENTIFIER = "edu.missouri.cs.Critter-Sitter";
				PRODUCT_NAME = "$(TARGET_NAME)";
			};
			name = Debug;
		};
		64AC9C311BF2AD480049B64B /* Release */ = {
			isa = XCBuildConfiguration;
			buildSettings = {
				ASSETCATALOG_COMPILER_APPICON_NAME = AppIcon;
				INFOPLIST_FILE = "Critter Sitter/Info.plist";
				LD_RUNPATH_SEARCH_PATHS = "$(inherited) @executable_path/Frameworks";
				PRODUCT_BUNDLE_IDENTIFIER = "edu.missouri.cs.Critter-Sitter";
				PRODUCT_NAME = "$(TARGET_NAME)";
			};
			name = Release;
		};
/* End XCBuildConfiguration section */

/* Begin XCConfigurationList section */
		64AC9C151BF2AD480049B64B /* Build configuration list for PBXProject "Critter Sitter" */ = {
			isa = XCConfigurationList;
			buildConfigurations = (
				64AC9C2D1BF2AD480049B64B /* Debug */,
				64AC9C2E1BF2AD480049B64B /* Release */,
			);
			defaultConfigurationIsVisible = 0;
			defaultConfigurationName = Release;
		};
		64AC9C2F1BF2AD480049B64B /* Build configuration list for PBXNativeTarget "Critter Sitter" */ = {
			isa = XCConfigurationList;
			buildConfigurations = (
				64AC9C301BF2AD480049B64B /* Debug */,
				64AC9C311BF2AD480049B64B /* Release */,
			);
			defaultConfigurationIsVisible = 0;
			defaultConfigurationName = Release;
		};
/* End XCConfigurationList section */

/* Begin XCVersionGroup section */
		64AC9C241BF2AD480049B64B /* Critter_Sitter.xcdatamodeld */ = {
			isa = XCVersionGroup;
			children = (
				64AC9C251BF2AD480049B64B /* Critter_Sitter.xcdatamodel */,
			);
			currentVersion = 64AC9C251BF2AD480049B64B /* Critter_Sitter.xcdatamodel */;
			path = Critter_Sitter.xcdatamodeld;
			sourceTree = "<group>";
			versionGroupType = wrapper.xcdatamodel;
		};
/* End XCVersionGroup section */
	};
	rootObject = 64AC9C121BF2AD480049B64B /* Project object */;
}
